// !$*UTF8*$!
{
	archiveVersion = 1;
	classes = {
	};
	objectVersion = 50;
	objects = {

/* Begin PBXBuildFile section */
		B4EBDF4C211C0E0700D9474B /* AppDelegate.swift in Sources */ = {isa = PBXBuildFile; fileRef = B4EBDF4B211C0E0700D9474B /* AppDelegate.swift */; };
		B4EBDF4E211C0E0700D9474B /* ViewController.swift in Sources */ = {isa = PBXBuildFile; fileRef = B4EBDF4D211C0E0700D9474B /* ViewController.swift */; };
		B4EBDF51211C0E0700D9474B /* Main.storyboard in Resources */ = {isa = PBXBuildFile; fileRef = B4EBDF4F211C0E0700D9474B /* Main.storyboard */; };
		B4EBDF53211C0E0800D9474B /* Assets.xcassets in Resources */ = {isa = PBXBuildFile; fileRef = B4EBDF52211C0E0800D9474B /* Assets.xcassets */; };
		B4EBDF56211C0E0800D9474B /* LaunchScreen.storyboard in Resources */ = {isa = PBXBuildFile; fileRef = B4EBDF54211C0E0800D9474B /* LaunchScreen.storyboard */; };
		B4EBDF61211C0E0800D9474B /* scrollHorizontalTests.swift in Sources */ = {isa = PBXBuildFile; fileRef = B4EBDF60211C0E0800D9474B /* scrollHorizontalTests.swift */; };
		B4EBDF6C211C0E0800D9474B /* scrollHorizontalUITests.swift in Sources */ = {isa = PBXBuildFile; fileRef = B4EBDF6B211C0E0800D9474B /* scrollHorizontalUITests.swift */; };
/* End PBXBuildFile section */

/* Begin PBXContainerItemProxy section */
		B4EBDF5D211C0E0800D9474B /* PBXContainerItemProxy */ = {
			isa = PBXContainerItemProxy;
			containerPortal = B4EBDF40211C0E0700D9474B /* Project object */;
			proxyType = 1;
			remoteGlobalIDString = B4EBDF47211C0E0700D9474B;
			remoteInfo = scrollHorizontal;
		};
		B4EBDF68211C0E0800D9474B /* PBXContainerItemProxy */ = {
			isa = PBXContainerItemProxy;
			containerPortal = B4EBDF40211C0E0700D9474B /* Project object */;
			proxyType = 1;
			remoteGlobalIDString = B4EBDF47211C0E0700D9474B;
			remoteInfo = scrollHorizontal;
		};
/* End PBXContainerItemProxy section */

/* Begin PBXFileReference section */
		B4EBDF48211C0E0700D9474B /* scrollHorizontal.app */ = {isa = PBXFileReference; explicitFileType = wrapper.application; includeInIndex = 0; path = scrollHorizontal.app; sourceTree = BUILT_PRODUCTS_DIR; };
		B4EBDF4B211C0E0700D9474B /* AppDelegate.swift */ = {isa = PBXFileReference; lastKnownFileType = sourcecode.swift; path = AppDelegate.swift; sourceTree = "<group>"; };
		B4EBDF4D211C0E0700D9474B /* ViewController.swift */ = {isa = PBXFileReference; lastKnownFileType = sourcecode.swift; path = ViewController.swift; sourceTree = "<group>"; };
		B4EBDF50211C0E0700D9474B /* Base */ = {isa = PBXFileReference; lastKnownFileType = file.storyboard; name = Base; path = Base.lproj/Main.storyboard; sourceTree = "<group>"; };
		B4EBDF52211C0E0800D9474B /* Assets.xcassets */ = {isa = PBXFileReference; lastKnownFileType = folder.assetcatalog; path = Assets.xcassets; sourceTree = "<group>"; };
		B4EBDF55211C0E0800D9474B /* Base */ = {isa = PBXFileReference; lastKnownFileType = file.storyboard; name = Base; path = Base.lproj/LaunchScreen.storyboard; sourceTree = "<group>"; };
		B4EBDF57211C0E0800D9474B /* Info.plist */ = {isa = PBXFileReference; lastKnownFileType = text.plist.xml; path = Info.plist; sourceTree = "<group>"; };
		B4EBDF5C211C0E0800D9474B /* scrollHorizontalTests.xctest */ = {isa = PBXFileReference; explicitFileType = wrapper.cfbundle; includeInIndex = 0; path = scrollHorizontalTests.xctest; sourceTree = BUILT_PRODUCTS_DIR; };
		B4EBDF60211C0E0800D9474B /* scrollHorizontalTests.swift */ = {isa = PBXFileReference; lastKnownFileType = sourcecode.swift; path = scrollHorizontalTests.swift; sourceTree = "<group>"; };
		B4EBDF62211C0E0800D9474B /* Info.plist */ = {isa = PBXFileReference; lastKnownFileType = text.plist.xml; path = Info.plist; sourceTree = "<group>"; };
		B4EBDF67211C0E0800D9474B /* scrollHorizontalUITests.xctest */ = {isa = PBXFileReference; explicitFileType = wrapper.cfbundle; includeInIndex = 0; path = scrollHorizontalUITests.xctest; sourceTree = BUILT_PRODUCTS_DIR; };
		B4EBDF6B211C0E0800D9474B /* scrollHorizontalUITests.swift */ = {isa = PBXFileReference; lastKnownFileType = sourcecode.swift; path = scrollHorizontalUITests.swift; sourceTree = "<group>"; };
		B4EBDF6D211C0E0800D9474B /* Info.plist */ = {isa = PBXFileReference; lastKnownFileType = text.plist.xml; path = Info.plist; sourceTree = "<group>"; };
/* End PBXFileReference section */

/* Begin PBXFrameworksBuildPhase section */
		B4EBDF45211C0E0700D9474B /* Frameworks */ = {
			isa = PBXFrameworksBuildPhase;
			buildActionMask = 2147483647;
			files = (
			);
			runOnlyForDeploymentPostprocessing = 0;
		};
		B4EBDF59211C0E0800D9474B /* Frameworks */ = {
			isa = PBXFrameworksBuildPhase;
			buildActionMask = 2147483647;
			files = (
			);
			runOnlyForDeploymentPostprocessing = 0;
		};
		B4EBDF64211C0E0800D9474B /* Frameworks */ = {
			isa = PBXFrameworksBuildPhase;
			buildActionMask = 2147483647;
			files = (
			);
			runOnlyForDeploymentPostprocessing = 0;
		};
/* End PBXFrameworksBuildPhase section */

/* Begin PBXGroup section */
		B4EBDF3F211C0E0700D9474B = {
			isa = PBXGroup;
			children = (
				B4EBDF4A211C0E0700D9474B /* scrollHorizontal */,
				B4EBDF5F211C0E0800D9474B /* scrollHorizontalTests */,
				B4EBDF6A211C0E0800D9474B /* scrollHorizontalUITests */,
				B4EBDF49211C0E0700D9474B /* Products */,
			);
			sourceTree = "<group>";
		};
		B4EBDF49211C0E0700D9474B /* Products */ = {
			isa = PBXGroup;
			children = (
				B4EBDF48211C0E0700D9474B /* scrollHorizontal.app */,
				B4EBDF5C211C0E0800D9474B /* scrollHorizontalTests.xctest */,
				B4EBDF67211C0E0800D9474B /* scrollHorizontalUITests.xctest */,
			);
			name = Products;
			sourceTree = "<group>";
		};
		B4EBDF4A211C0E0700D9474B /* scrollHorizontal */ = {
			isa = PBXGroup;
			children = (
				B4EBDF4B211C0E0700D9474B /* AppDelegate.swift */,
				B4EBDF4D211C0E0700D9474B /* ViewController.swift */,
				B4EBDF4F211C0E0700D9474B /* Main.storyboard */,
				B4EBDF52211C0E0800D9474B /* Assets.xcassets */,
				B4EBDF54211C0E0800D9474B /* LaunchScreen.storyboard */,
				B4EBDF57211C0E0800D9474B /* Info.plist */,
			);
			path = scrollHorizontal;
			sourceTree = "<group>";
		};
		B4EBDF5F211C0E0800D9474B /* scrollHorizontalTests */ = {
			isa = PBXGroup;
			children = (
				B4EBDF60211C0E0800D9474B /* scrollHorizontalTests.swift */,
				B4EBDF62211C0E0800D9474B /* Info.plist */,
			);
			path = scrollHorizontalTests;
			sourceTree = "<group>";
		};
		B4EBDF6A211C0E0800D9474B /* scrollHorizontalUITests */ = {
			isa = PBXGroup;
			children = (
				B4EBDF6B211C0E0800D9474B /* scrollHorizontalUITests.swift */,
				B4EBDF6D211C0E0800D9474B /* Info.plist */,
			);
			path = scrollHorizontalUITests;
			sourceTree = "<group>";
		};
/* End PBXGroup section */

/* Begin PBXNativeTarget section */
		B4EBDF47211C0E0700D9474B /* scrollHorizontal */ = {
			isa = PBXNativeTarget;
			buildConfigurationList = B4EBDF70211C0E0800D9474B /* Build configuration list for PBXNativeTarget "scrollHorizontal" */;
			buildPhases = (
				B4EBDF44211C0E0700D9474B /* Sources */,
				B4EBDF45211C0E0700D9474B /* Frameworks */,
				B4EBDF46211C0E0700D9474B /* Resources */,
			);
			buildRules = (
			);
			dependencies = (
			);
			name = scrollHorizontal;
			productName = scrollHorizontal;
			productReference = B4EBDF48211C0E0700D9474B /* scrollHorizontal.app */;
			productType = "com.apple.product-type.application";
		};
		B4EBDF5B211C0E0800D9474B /* scrollHorizontalTests */ = {
			isa = PBXNativeTarget;
			buildConfigurationList = B4EBDF73211C0E0800D9474B /* Build configuration list for PBXNativeTarget "scrollHorizontalTests" */;
			buildPhases = (
				B4EBDF58211C0E0800D9474B /* Sources */,
				B4EBDF59211C0E0800D9474B /* Frameworks */,
				B4EBDF5A211C0E0800D9474B /* Resources */,
			);
			buildRules = (
			);
			dependencies = (
				B4EBDF5E211C0E0800D9474B /* PBXTargetDependency */,
			);
			name = scrollHorizontalTests;
			productName = scrollHorizontalTests;
			productReference = B4EBDF5C211C0E0800D9474B /* scrollHorizontalTests.xctest */;
			productType = "com.apple.product-type.bundle.unit-test";
		};
		B4EBDF66211C0E0800D9474B /* scrollHorizontalUITests */ = {
			isa = PBXNativeTarget;
			buildConfigurationList = B4EBDF76211C0E0800D9474B /* Build configuration list for PBXNativeTarget "scrollHorizontalUITests" */;
			buildPhases = (
				B4EBDF63211C0E0800D9474B /* Sources */,
				B4EBDF64211C0E0800D9474B /* Frameworks */,
				B4EBDF65211C0E0800D9474B /* Resources */,
			);
			buildRules = (
			);
			dependencies = (
				B4EBDF69211C0E0800D9474B /* PBXTargetDependency */,
			);
			name = scrollHorizontalUITests;
			productName = scrollHorizontalUITests;
			productReference = B4EBDF67211C0E0800D9474B /* scrollHorizontalUITests.xctest */;
			productType = "com.apple.product-type.bundle.ui-testing";
		};
/* End PBXNativeTarget section */

/* Begin PBXProject section */
		B4EBDF40211C0E0700D9474B /* Project object */ = {
			isa = PBXProject;
			attributes = {
				LastSwiftUpdateCheck = 0940;
				LastUpgradeCheck = 0940;
				ORGANIZATIONNAME = Sajjad;
				TargetAttributes = {
					B4EBDF47211C0E0700D9474B = {
						CreatedOnToolsVersion = 9.4;
					};
					B4EBDF5B211C0E0800D9474B = {
						CreatedOnToolsVersion = 9.4;
						TestTargetID = B4EBDF47211C0E0700D9474B;
					};
					B4EBDF66211C0E0800D9474B = {
						CreatedOnToolsVersion = 9.4;
						TestTargetID = B4EBDF47211C0E0700D9474B;
					};
				};
			};
			buildConfigurationList = B4EBDF43211C0E0700D9474B /* Build configuration list for PBXProject "scrollHorizontal" */;
			compatibilityVersion = "Xcode 9.3";
			developmentRegion = en;
			hasScannedForEncodings = 0;
			knownRegions = (
				en,
				Base,
			);
			mainGroup = B4EBDF3F211C0E0700D9474B;
			productRefGroup = B4EBDF49211C0E0700D9474B /* Products */;
			projectDirPath = "";
			projectRoot = "";
			targets = (
				B4EBDF47211C0E0700D9474B /* scrollHorizontal */,
				B4EBDF5B211C0E0800D9474B /* scrollHorizontalTests */,
				B4EBDF66211C0E0800D9474B /* scrollHorizontalUITests */,
			);
		};
/* End PBXProject section */

/* Begin PBXResourcesBuildPhase section */
		B4EBDF46211C0E0700D9474B /* Resources */ = {
			isa = PBXResourcesBuildPhase;
			buildActionMask = 2147483647;
			files = (
				B4EBDF56211C0E0800D9474B /* LaunchScreen.storyboard in Resources */,
				B4EBDF53211C0E0800D9474B /* Assets.xcassets in Resources */,
				B4EBDF51211C0E0700D9474B /* Main.storyboard in Resources */,
			);
			runOnlyForDeploymentPostprocessing = 0;
		};
		B4EBDF5A211C0E0800D9474B /* Resources */ = {
			isa = PBXResourcesBuildPhase;
			buildActionMask = 2147483647;
			files = (
			);
			runOnlyForDeploymentPostprocessing = 0;
		};
		B4EBDF65211C0E0800D9474B /* Resources */ = {
			isa = PBXResourcesBuildPhase;
			buildActionMask = 2147483647;
			files = (
			);
			runOnlyForDeploymentPostprocessing = 0;
		};
/* End PBXResourcesBuildPhase section */

/* Begin PBXSourcesBuildPhase section */
		B4EBDF44211C0E0700D9474B /* Sources */ = {
			isa = PBXSourcesBuildPhase;
			buildActionMask = 2147483647;
			files = (
				B4EBDF4E211C0E0700D9474B /* ViewController.swift in Sources */,
				B4EBDF4C211C0E0700D9474B /* AppDelegate.swift in Sources */,
			);
			runOnlyForDeploymentPostprocessing = 0;
		};
		B4EBDF58211C0E0800D9474B /* Sources */ = {
			isa = PBXSourcesBuildPhase;
			buildActionMask = 2147483647;
			files = (
				B4EBDF61211C0E0800D9474B /* scrollHorizontalTests.swift in Sources */,
			);
			runOnlyForDeploymentPostprocessing = 0;
		};
		B4EBDF63211C0E0800D9474B /* Sources */ = {
			isa = PBXSourcesBuildPhase;
			buildActionMask = 2147483647;
			files = (
				B4EBDF6C211C0E0800D9474B /* scrollHorizontalUITests.swift in Sources */,
			);
			runOnlyForDeploymentPostprocessing = 0;
		};
/* End PBXSourcesBuildPhase section */

/* Begin PBXTargetDependency section */
		B4EBDF5E211C0E0800D9474B /* PBXTargetDependency */ = {
			isa = PBXTargetDependency;
			target = B4EBDF47211C0E0700D9474B /* scrollHorizontal */;
			targetProxy = B4EBDF5D211C0E0800D9474B /* PBXContainerItemProxy */;
		};
		B4EBDF69211C0E0800D9474B /* PBXTargetDependency */ = {
			isa = PBXTargetDependency;
			target = B4EBDF47211C0E0700D9474B /* scrollHorizontal */;
			targetProxy = B4EBDF68211C0E0800D9474B /* PBXContainerItemProxy */;
		};
/* End PBXTargetDependency section */

/* Begin PBXVariantGroup section */
		B4EBDF4F211C0E0700D9474B /* Main.storyboard */ = {
			isa = PBXVariantGroup;
			children = (
				B4EBDF50211C0E0700D9474B /* Base */,
			);
			name = Main.storyboard;
			sourceTree = "<group>";
		};
		B4EBDF54211C0E0800D9474B /* LaunchScreen.storyboard */ = {
			isa = PBXVariantGroup;
			children = (
				B4EBDF55211C0E0800D9474B /* Base */,
			);
			name = LaunchScreen.storyboard;
			sourceTree = "<group>";
		};
/* End PBXVariantGroup section */

/* Begin XCBuildConfiguration section */
		B4EBDF6E211C0E0800D9474B /* Debug */ = {
			isa = XCBuildConfiguration;
			buildSettings = {
				ALWAYS_SEARCH_USER_PATHS = NO;
				CLANG_ANALYZER_NONNULL = YES;
				CLANG_ANALYZER_NUMBER_OBJECT_CONVERSION = YES_AGGRESSIVE;
				CLANG_CXX_LANGUAGE_STANDARD = "gnu++14";
				CLANG_CXX_LIBRARY = "libc++";
				CLANG_ENABLE_MODULES = YES;
				CLANG_ENABLE_OBJC_ARC = YES;
				CLANG_ENABLE_OBJC_WEAK = YES;
				CLANG_WARN_BLOCK_CAPTURE_AUTORELEASING = YES;
				CLANG_WARN_BOOL_CONVERSION = YES;
				CLANG_WARN_COMMA = YES;
				CLANG_WARN_CONSTANT_CONVERSION = YES;
				CLANG_WARN_DEPRECATED_OBJC_IMPLEMENTATIONS = YES;
				CLANG_WARN_DIRECT_OBJC_ISA_USAGE = YES_ERROR;
				CLANG_WARN_DOCUMENTATION_COMMENTS = YES;
				CLANG_WARN_EMPTY_BODY = YES;
				CLANG_WARN_ENUM_CONVERSION = YES;
				CLANG_WARN_INFINITE_RECURSION = YES;
				CLANG_WARN_INT_CONVERSION = YES;
				CLANG_WARN_NON_LITERAL_NULL_CONVERSION = YES;
				CLANG_WARN_OBJC_IMPLICIT_RETAIN_SELF = YES;
				CLANG_WARN_OBJC_LITERAL_CONVERSION = YES;
				CLANG_WARN_OBJC_ROOT_CLASS = YES_ERROR;
				CLANG_WARN_RANGE_LOOP_ANALYSIS = YES;
				CLANG_WARN_STRICT_PROTOTYPES = YES;
				CLANG_WARN_SUSPICIOUS_MOVE = YES;
				CLANG_WARN_UNGUARDED_AVAILABILITY = YES_AGGRESSIVE;
				CLANG_WARN_UNREACHABLE_CODE = YES;
				CLANG_WARN__DUPLICATE_METHOD_MATCH = YES;
				CODE_SIGN_IDENTITY = "iPhone Developer";
				COPY_PHASE_STRIP = NO;
				DEBUG_INFORMATION_FORMAT = dwarf;
				ENABLE_STRICT_OBJC_MSGSEND = YES;
				ENABLE_TESTABILITY = YES;
				GCC_C_LANGUAGE_STANDARD = gnu11;
				GCC_DYNAMIC_NO_PIC = NO;
				GCC_NO_COMMON_BLOCKS = YES;
				GCC_OPTIMIZATION_LEVEL = 0;
				GCC_PREPROCESSOR_DEFINITIONS = (
					"DEBUG=1",
					"$(inherited)",
				);
				GCC_WARN_64_TO_32_BIT_CONVERSION = YES;
				GCC_WARN_ABOUT_RETURN_TYPE = YES_ERROR;
				GCC_WARN_UNDECLARED_SELECTOR = YES;
				GCC_WARN_UNINITIALIZED_AUTOS = YES_AGGRESSIVE;
				GCC_WARN_UNUSED_FUNCTION = YES;
				GCC_WARN_UNUSED_VARIABLE = YES;
				IPHONEOS_DEPLOYMENT_TARGET = 11.4;
				MTL_ENABLE_DEBUG_INFO = YES;
				ONLY_ACTIVE_ARCH = YES;
				SDKROOT = iphoneos;
				SWIFT_ACTIVE_COMPILATION_CONDITIONS = DEBUG;
				SWIFT_OPTIMIZATION_LEVEL = "-Onone";
			};
			name = Debug;
		};
		B4EBDF6F211C0E0800D9474B /* Release */ = {
			isa = XCBuildConfiguration;
			buildSettings = {
				ALWAYS_SEARCH_USER_PATHS = NO;
				CLANG_ANALYZER_NONNULL = YES;
				CLANG_ANALYZER_NUMBER_OBJECT_CONVERSION = YES_AGGRESSIVE;
				CLANG_CXX_LANGUAGE_STANDARD = "gnu++14";
				CLANG_CXX_LIBRARY = "libc++";
				CLANG_ENABLE_MODULES = YES;
				CLANG_ENABLE_OBJC_ARC = YES;
				CLANG_ENABLE_OBJC_WEAK = YES;
				CLANG_WARN_BLOCK_CAPTURE_AUTORELEASING = YES;
				CLANG_WARN_BOOL_CONVERSION = YES;
				CLANG_WARN_COMMA = YES;
				CLANG_WARN_CONSTANT_CONVERSION = YES;
				CLANG_WARN_DEPRECATED_OBJC_IMPLEMENTATIONS = YES;
				CLANG_WARN_DIRECT_OBJC_ISA_USAGE = YES_ERROR;
				CLANG_WARN_DOCUMENTATION_COMMENTS = YES;
				CLANG_WARN_EMPTY_BODY = YES;
				CLANG_WARN_ENUM_CONVERSION = YES;
				CLANG_WARN_INFINITE_RECURSION = YES;
				CLANG_WARN_INT_CONVERSION = YES;
				CLANG_WARN_NON_LITERAL_NULL_CONVERSION = YES;
				CLANG_WARN_OBJC_IMPLICIT_RETAIN_SELF = YES;
				CLANG_WARN_OBJC_LITERAL_CONVERSION = YES;
				CLANG_WARN_OBJC_ROOT_CLASS = YES_ERROR;
				CLANG_WARN_RANGE_LOOP_ANALYSIS = YES;
				CLANG_WARN_STRICT_PROTOTYPES = YES;
				CLANG_WARN_SUSPICIOUS_MOVE = YES;
				CLANG_WARN_UNGUARDED_AVAILABILITY = YES_AGGRESSIVE;
				CLANG_WARN_UNREACHABLE_CODE = YES;
				CLANG_WARN__DUPLICATE_METHOD_MATCH = YES;
				CODE_SIGN_IDENTITY = "iPhone Developer";
				COPY_PHASE_STRIP = NO;
				DEBUG_INFORMATION_FORMAT = "dwarf-with-dsym";
				ENABLE_NS_ASSERTIONS = NO;
				ENABLE_STRICT_OBJC_MSGSEND = YES;
				GCC_C_LANGUAGE_STANDARD = gnu11;
				GCC_NO_COMMON_BLOCKS = YES;
				GCC_WARN_64_TO_32_BIT_CONVERSION = YES;
				GCC_WARN_ABOUT_RETURN_TYPE = YES_ERROR;
				GCC_WARN_UNDECLARED_SELECTOR = YES;
				GCC_WARN_UNINITIALIZED_AUTOS = YES_AGGRESSIVE;
				GCC_WARN_UNUSED_FUNCTION = YES;
				GCC_WARN_UNUSED_VARIABLE = YES;
				IPHONEOS_DEPLOYMENT_TARGET = 11.4;
				MTL_ENABLE_DEBUG_INFO = NO;
				SDKROOT = iphoneos;
				SWIFT_COMPILATION_MODE = wholemodule;
				SWIFT_OPTIMIZATION_LEVEL = "-O";
				VALIDATE_PRODUCT = YES;
			};
			name = Release;
		};
		B4EBDF71211C0E0800D9474B /* Debug */ = {
			isa = XCBuildConfiguration;
			buildSettings = {
				ASSETCATALOG_COMPILER_APPICON_NAME = AppIcon;
				CODE_SIGN_STYLE = Automatic;
				INFOPLIST_FILE = scrollHorizontal/Info.plist;
				LD_RUNPATH_SEARCH_PATHS = (
					"$(inherited)",
					"@executable_path/Frameworks",
				);
				PRODUCT_BUNDLE_IDENTIFIER = com.dlx.wajeeh.scrollHorizontal;
				PRODUCT_NAME = "$(TARGET_NAME)";
				SWIFT_VERSION = 4.0;
				TARGETED_DEVICE_FAMILY = "1,2";
			};
			name = Debug;
		};
		B4EBDF72211C0E0800D9474B /* Release */ = {
			isa = XCBuildConfiguration;
			buildSettings = {
				ASSETCATALOG_COMPILER_APPICON_NAME = AppIcon;
				CODE_SIGN_STYLE = Automatic;
				INFOPLIST_FILE = scrollHorizontal/Info.plist;
				LD_RUNPATH_SEARCH_PATHS = (
					"$(inherited)",
					"@executable_path/Frameworks",
				);
				PRODUCT_BUNDLE_IDENTIFIER = com.dlx.wajeeh.scrollHorizontal;
				PRODUCT_NAME = "$(TARGET_NAME)";
				SWIFT_VERSION = 4.0;
				TARGETED_DEVICE_FAMILY = "1,2";
			};
			name = Release;
		};
		B4EBDF74211C0E0800D9474B /* Debug */ = {
			isa = XCBuildConfiguration;
			buildSettings = {
				ALWAYS_EMBED_SWIFT_STANDARD_LIBRARIES = YES;
				BUNDLE_LOADER = "$(TEST_HOST)";
				CODE_SIGN_STYLE = Automatic;
				INFOPLIST_FILE = scrollHorizontalTests/Info.plist;
				LD_RUNPATH_SEARCH_PATHS = (
					"$(inherited)",
					"@executable_path/Frameworks",
					"@loader_path/Frameworks",
				);
				PRODUCT_BUNDLE_IDENTIFIER = com.dlx.wajeeh.scrollHorizontalTests;
				PRODUCT_NAME = "$(TARGET_NAME)";
				SWIFT_VERSION = 4.0;
				TARGETED_DEVICE_FAMILY = "1,2";
				TEST_HOST = "$(BUILT_PRODUCTS_DIR)/scrollHorizontal.app/scrollHorizontal";
			};
			name = Debug;
		};
		B4EBDF75211C0E0800D9474B /* Release */ = {
			isa = XCBuildConfiguration;
			buildSettings = {
				ALWAYS_EMBED_SWIFT_STANDARD_LIBRARIES = YES;
				BUNDLE_LOADER = "$(TEST_HOST)";
				CODE_SIGN_STYLE = Automatic;
				INFOPLIST_FILE = scrollHorizontalTests/Info.plist;
				LD_RUNPATH_SEARCH_PATHS = (
					"$(inherited)",
					"@executable_path/Frameworks",
					"@loader_path/Frameworks",
				);
				PRODUCT_BUNDLE_IDENTIFIER = com.dlx.wajeeh.scrollHorizontalTests;
				PRODUCT_NAME = "$(TARGET_NAME)";
				SWIFT_VERSION = 4.0;
				TARGETED_DEVICE_FAMILY = "1,2";
				TEST_HOST = "$(BUILT_PRODUCTS_DIR)/scrollHorizontal.app/scrollHorizontal";
			};
			name = Release;
		};
		B4EBDF77211C0E0800D9474B /* Debug */ = {
			isa = XCBuildConfiguration;
			buildSettings = {
				ALWAYS_EMBED_SWIFT_STANDARD_LIBRARIES = YES;
				CODE_SIGN_STYLE = Automatic;
				INFOPLIST_FILE = scrollHorizontalUITests/Info.plist;
				LD_RUNPATH_SEARCH_PATHS = (
					"$(inherited)",
					"@executable_path/Frameworks",
					"@loader_path/Frameworks",
				);
				PRODUCT_BUNDLE_IDENTIFIER = com.dlx.wajeeh.scrollHorizontalUITests;
				PRODUCT_NAME = "$(TARGET_NAME)";
				SWIFT_VERSION = 4.0;
				TARGETED_DEVICE_FAMILY = "1,2";
				TEST_TARGET_NAME = scrollHorizontal;
			};
			name = Debug;
		};
		B4EBDF78211C0E0800D9474B /* Release */ = {
			isa = XCBuildConfiguration;
			buildSettings = {
				ALWAYS_EMBED_SWIFT_STANDARD_LIBRARIES = YES;
				CODE_SIGN_STYLE = Automatic;
				INFOPLIST_FILE = scrollHorizontalUITests/Info.plist;
				LD_RUNPATH_SEARCH_PATHS = (
					"$(inherited)",
					"@executable_path/Frameworks",
					"@loader_path/Frameworks",
				);
				PRODUCT_BUNDLE_IDENTIFIER = com.dlx.wajeeh.scrollHorizontalUITests;
				PRODUCT_NAME = "$(TARGET_NAME)";
				SWIFT_VERSION = 4.0;
				TARGETED_DEVICE_FAMILY = "1,2";
				TEST_TARGET_NAME = scrollHorizontal;
			};
			name = Release;
		};
/* End XCBuildConfiguration section */

/* Begin XCConfigurationList section */
		B4EBDF43211C0E0700D9474B /* Build configuration list for PBXProject "scrollHorizontal" */ = {
			isa = XCConfigurationList;
			buildConfigurations = (
				B4EBDF6E211C0E0800D9474B /* Debug */,
				B4EBDF6F211C0E0800D9474B /* Release */,
			);
			defaultConfigurationIsVisible = 0;
			defaultConfigurationName = Release;
		};
		B4EBDF70211C0E0800D9474B /* Build configuration list for PBXNativeTarget "scrollHorizontal" */ = {
			isa = XCConfigurationList;
			buildConfigurations = (
				B4EBDF71211C0E0800D9474B /* Debug */,
				B4EBDF72211C0E0800D9474B /* Release */,
			);
			defaultConfigurationIsVisible = 0;
			defaultConfigurationName = Release;
		};
		B4EBDF73211C0E0800D9474B /* Build configuration list for PBXNativeTarget "scrollHorizontalTests" */ = {
			isa = XCConfigurationList;
			buildConfigurations = (
				B4EBDF74211C0E0800D9474B /* Debug */,
				B4EBDF75211C0E0800D9474B /* Release */,
			);
			defaultConfigurationIsVisible = 0;
			defaultConfigurationName = Release;
		};
		B4EBDF76211C0E0800D9474B /* Build configuration list for PBXNativeTarget "scrollHorizontalUITests" */ = {
			isa = XCConfigurationList;
			buildConfigurations = (
				B4EBDF77211C0E0800D9474B /* Debug */,
				B4EBDF78211C0E0800D9474B /* Release */,
			);
			defaultConfigurationIsVisible = 0;
			defaultConfigurationName = Release;
		};
/* End XCConfigurationList section */
	};
	rootObject = B4EBDF40211C0E0700D9474B /* Project object */;
}
